
Microsoft Visual Studio Solution File, Format Version 12.00
# Visual Studio Version 17
VisualStudioVersion = 17.12.35506.116 d17.12
MinimumVisualStudioVersion = 10.0.40219.1
Project("{FAE04EC0-301F-11D3-BF4B-00C04F79EFBC}") = "NyaralasApp", "NyaralasApp.csproj", "{B753A6E0-E6F6-4511-86F2-E578FBDBF0FF}"
EndProject
Global
	GlobalSection(SolutionConfigurationPlatforms) = preSolution
		Debug|Any CPU = Debug|Any CPU
		Release|Any CPU = Release|Any CPU
	EndGlobalSection
	GlobalSection(ProjectConfigurationPlatforms) = postSolution
		{B753A6E0-E6F6-4511-86F2-E578FBDBF0FF}.Debug|Any CPU.ActiveCfg = Debug|Any CPU
		{B753A6E0-E6F6-4511-86F2-E578FBDBF0FF}.Debug|Any CPU.Build.0 = Debug|Any CPU
		{B753A6E0-E6F6-4511-86F2-E578FBDBF0FF}.Release|Any CPU.ActiveCfg = Release|Any CPU
		{B753A6E0-E6F6-4511-86F2-E578FBDBF0FF}.Release|Any CPU.Build.0 = Release|Any CPU
	EndGlobalSection
	GlobalSection(SolutionProperties) = preSolution
		HideSolutionNode = FALSE
	EndGlobalSection
EndGlobal
